
Microsoft Visual Studio Solution File, Format Version 12.00
# Visual Studio Version 17
VisualStudioVersion = 17.14.36408.4 d17.14
MinimumVisualStudioVersion = 10.0.40219.1
Project("{FAE04EC0-301F-11D3-BF4B-00C04F79EFBC}") = "Essd", "Essd\Essd.csproj", "{09F44577-4598-4B31-B65F-9B1B28DFFB20}"
EndProject
Project("{FAE04EC0-301F-11D3-BF4B-00C04F79EFBC}") = "EssdClientCLI", "EssdClientCLI\EssdClientCLI.csproj", "{4195E14E-D2F0-4D17-BB9A-EC47CFD83585}"
EndProject
Project("{FAE04EC0-301F-11D3-BF4B-00C04F79EFBC}") = "Essd.Test", "Essd.Test\Essd.Test.csproj", "{6A6C5F0F-8249-4A2F-880A-AB9ABD05DAD6}"
EndProject
Global
	GlobalSection(SolutionConfigurationPlatforms) = preSolution
		Debug|Any CPU = Debug|Any CPU
		Release|Any CPU = Release|Any CPU
	EndGlobalSection
	GlobalSection(ProjectConfigurationPlatforms) = postSolution
		{09F44577-4598-4B31-B65F-9B1B28DFFB20}.Debug|Any CPU.ActiveCfg = Debug|Any CPU
		{09F44577-4598-4B31-B65F-9B1B28DFFB20}.Debug|Any CPU.Build.0 = Debug|Any CPU
		{09F44577-4598-4B31-B65F-9B1B28DFFB20}.Release|Any CPU.ActiveCfg = Release|Any CPU
		{09F44577-4598-4B31-B65F-9B1B28DFFB20}.Release|Any CPU.Build.0 = Release|Any CPU
		{4195E14E-D2F0-4D17-BB9A-EC47CFD83585}.Debug|Any CPU.ActiveCfg = Debug|Any CPU
		{4195E14E-D2F0-4D17-BB9A-EC47CFD83585}.Debug|Any CPU.Build.0 = Debug|Any CPU
		{4195E14E-D2F0-4D17-BB9A-EC47CFD83585}.Release|Any CPU.ActiveCfg = Release|Any CPU
		{4195E14E-D2F0-4D17-BB9A-EC47CFD83585}.Release|Any CPU.Build.0 = Release|Any CPU
		{6A6C5F0F-8249-4A2F-880A-AB9ABD05DAD6}.Debug|Any CPU.ActiveCfg = Debug|Any CPU
		{6A6C5F0F-8249-4A2F-880A-AB9ABD05DAD6}.Debug|Any CPU.Build.0 = Debug|Any CPU
		{6A6C5F0F-8249-4A2F-880A-AB9ABD05DAD6}.Release|Any CPU.ActiveCfg = Release|Any CPU
		{6A6C5F0F-8249-4A2F-880A-AB9ABD05DAD6}.Release|Any CPU.Build.0 = Release|Any CPU
	EndGlobalSection
	GlobalSection(SolutionProperties) = preSolution
		HideSolutionNode = FALSE
	EndGlobalSection
EndGlobal
